{
  "name": "projeto_henrique",
  "version": "1.0.0",
  "lockfileVersion": 3,
  "requires": true,
  "packages": {
    "": {
      "name": "projeto_henrique",
      "version": "1.0.0",
      "license": "ISC",
      "dependencies": {
        "@types/prompt-sync": "^4.2.0",
        "prisma": "^5.3.1",
        "prompt-sync": "^4.2.0",
        "prompt-sync-history": "^1.0.1"
      }
    },
    "node_modules/@prisma/engines": {
      "version": "5.3.1",
      "resolved": "https://registry.npmjs.org/@prisma/engines/-/engines-5.3.1.tgz",
      "integrity": "sha512-6QkILNyfeeN67BNEPEtkgh3Xo2tm6D7V+UhrkBbRHqKw9CTaz/vvTP/ROwYSP/3JT2MtIutZm/EnhxUiuOPVDA==",
      "hasInstallScript": true
    },
    "node_modules/@types/prompt-sync": {
      "version": "4.2.0",
      "resolved": "https://registry.npmjs.org/@types/prompt-sync/-/prompt-sync-4.2.0.tgz",
      "integrity": "sha512-5RPQYDT7MNkt+vq6xp58tSPx4THANyQcBSaw3Ni+KV7MUAgvUUbmCsQmcPVrcc8dwuURSPixz2qTJdJF6ABSKw=="
    },
    "node_modules/ansi-regex": {
      "version": "4.1.1",
      "resolved": "https://registry.npmjs.org/ansi-regex/-/ansi-regex-4.1.1.tgz",
      "integrity": "sha512-ILlv4k/3f6vfQ4OoP2AGvirOktlQ98ZEL1k9FaQjxa3L1abBgbuTDAdPOpvbGncC0BTVQrl+OM8xZGK6tWXt7g==",
      "engines": {
        "node": ">=6"
      }
    },
    "node_modules/prisma": {
      "version": "5.3.1",
      "resolved": "https://registry.npmjs.org/prisma/-/prisma-5.3.1.tgz",
      "integrity": "sha512-Wp2msQIlMPHe+5k5Od6xnsI/WNG7UJGgFUJgqv/ygc7kOECZapcSz/iU4NIEzISs3H1W9sFLjAPbg/gOqqtB7A==",
      "hasInstallScript": true,
      "dependencies": {
        "@prisma/engines": "5.3.1"
      },
      "bin": {
        "prisma": "build/index.js"
      },
      "engines": {
        "node": ">=16.13"
      }
    },
    "node_modules/prompt-sync": {
      "version": "4.2.0",
      "resolved": "https://registry.npmjs.org/prompt-sync/-/prompt-sync-4.2.0.tgz",
      "integrity": "sha512-BuEzzc5zptP5LsgV5MZETjDaKSWfchl5U9Luiu8SKp7iZWD5tZalOxvNcZRwv+d2phNFr8xlbxmFNcRKfJOzJw==",
      "dependencies": {
        "strip-ansi": "^5.0.0"
      }
    },
    "node_modules/prompt-sync-history": {
      "version": "1.0.1",
      "resolved": "https://registry.npmjs.org/prompt-sync-history/-/prompt-sync-history-1.0.1.tgz",
      "integrity": "sha512-R51qH1GbLvsSImtOLv+VGbO0Rv3uRYg5UxIGT82AotP/2AcOQaQSG4pYxDlMphZKgsmGSKRS+t0AmaPG/p4Gig=="
    },
    "node_modules/strip-ansi": {
      "version": "5.2.0",
      "resolved": "https://registry.npmjs.org/strip-ansi/-/strip-ansi-5.2.0.tgz",
      "integrity": "sha512-DuRs1gKbBqsMKIZlrffwlug8MHkcnpjs5VPmL1PAh+mA30U0DTotfDZ0d2UUsXpPmPmMMJ6W773MaA3J+lbiWA==",
      "dependencies": {
        "ansi-regex": "^4.1.0"
      },
      "engines": {
        "node": ">=6"
      }
    }
  }
}
